
Microsoft Visual Studio Solution File, Format Version 12.00
# Visual Studio Version 16
VisualStudioVersion = 16.0.31205.134
MinimumVisualStudioVersion = 10.0.40219.1
Project("{9A19103F-16F7-4668-BE54-9A1E7A4F7556}") = "HW5", "HW5\HW5.csproj", "{4AE8EBD8-1646-4BAA-9249-6583585D89B6}"
EndProject
Project("{FAE04EC0-301F-11D3-BF4B-00C04F79EFBC}") = "BellmanFordAlgorithm", "BellmanFordAlgorithm\BellmanFordAlgorithm.csproj", "{96E694CA-B61E-4417-98DA-8F099C433879}"
EndProject
Project("{FAE04EC0-301F-11D3-BF4B-00C04F79EFBC}") = "DijkstraAlgorithm", "DijkstraAlgorithm\DijkstraAlgorithm.csproj", "{9933C687-C2F2-4E02-AB10-19F3C9F6F8D6}"
EndProject
Project("{FAE04EC0-301F-11D3-BF4B-00C04F79EFBC}") = "DisjointSetFunctions", "DisjointSetFunctions\DisjointSetFunctions.csproj", "{C3795B80-CC49-481E-88F0-3520233A8DED}"
EndProject
Project("{FAE04EC0-301F-11D3-BF4B-00C04F79EFBC}") = "HW5Test", "HW5Test\HW5Test.csproj", "{A182BEA2-46DB-438D-AE63-C5DC21A3AE05}"
EndProject
Global
	GlobalSection(SolutionConfigurationPlatforms) = preSolution
		Debug|Any CPU = Debug|Any CPU
		Release|Any CPU = Release|Any CPU
	EndGlobalSection
	GlobalSection(ProjectConfigurationPlatforms) = postSolution
		{4AE8EBD8-1646-4BAA-9249-6583585D89B6}.Debug|Any CPU.ActiveCfg = Debug|Any CPU
		{4AE8EBD8-1646-4BAA-9249-6583585D89B6}.Debug|Any CPU.Build.0 = Debug|Any CPU
		{4AE8EBD8-1646-4BAA-9249-6583585D89B6}.Release|Any CPU.ActiveCfg = Release|Any CPU
		{4AE8EBD8-1646-4BAA-9249-6583585D89B6}.Release|Any CPU.Build.0 = Release|Any CPU
		{96E694CA-B61E-4417-98DA-8F099C433879}.Debug|Any CPU.ActiveCfg = Debug|Any CPU
		{96E694CA-B61E-4417-98DA-8F099C433879}.Debug|Any CPU.Build.0 = Debug|Any CPU
		{96E694CA-B61E-4417-98DA-8F099C433879}.Release|Any CPU.ActiveCfg = Release|Any CPU
		{96E694CA-B61E-4417-98DA-8F099C433879}.Release|Any CPU.Build.0 = Release|Any CPU
		{9933C687-C2F2-4E02-AB10-19F3C9F6F8D6}.Debug|Any CPU.ActiveCfg = Debug|Any CPU
		{9933C687-C2F2-4E02-AB10-19F3C9F6F8D6}.Debug|Any CPU.Build.0 = Debug|Any CPU
		{9933C687-C2F2-4E02-AB10-19F3C9F6F8D6}.Release|Any CPU.ActiveCfg = Release|Any CPU
		{9933C687-C2F2-4E02-AB10-19F3C9F6F8D6}.Release|Any CPU.Build.0 = Release|Any CPU
		{C3795B80-CC49-481E-88F0-3520233A8DED}.Debug|Any CPU.ActiveCfg = Debug|Any CPU
		{C3795B80-CC49-481E-88F0-3520233A8DED}.Debug|Any CPU.Build.0 = Debug|Any CPU
		{C3795B80-CC49-481E-88F0-3520233A8DED}.Release|Any CPU.ActiveCfg = Release|Any CPU
		{C3795B80-CC49-481E-88F0-3520233A8DED}.Release|Any CPU.Build.0 = Release|Any CPU
		{A182BEA2-46DB-438D-AE63-C5DC21A3AE05}.Debug|Any CPU.ActiveCfg = Debug|Any CPU
		{A182BEA2-46DB-438D-AE63-C5DC21A3AE05}.Debug|Any CPU.Build.0 = Debug|Any CPU
		{A182BEA2-46DB-438D-AE63-C5DC21A3AE05}.Release|Any CPU.ActiveCfg = Release|Any CPU
		{A182BEA2-46DB-438D-AE63-C5DC21A3AE05}.Release|Any CPU.Build.0 = Release|Any CPU
	EndGlobalSection
	GlobalSection(SolutionProperties) = preSolution
		HideSolutionNode = FALSE
	EndGlobalSection
	GlobalSection(ExtensibilityGlobals) = postSolution
		SolutionGuid = {E6346A5F-46B6-46D4-AF75-4CAC887FA829}
	EndGlobalSection
EndGlobal
